
Microsoft Visual Studio Solution File, Format Version 12.00
# Visual Studio Version 17
VisualStudioVersion = 17.0.31903.59
MinimumVisualStudioVersion = 10.0.40219.1
Project("{FAE04EC0-301F-11D3-BF4B-00C04F79EFBC}") = "Calculator", "Calculator\Calculator.csproj", "{4E1AF4A8-5858-4C5E-8A07-21165F52D36A}"
EndProject
Project("{FAE04EC0-301F-11D3-BF4B-00C04F79EFBC}") = "BankingSystem", "BankingSystem\BankingSystem.csproj", "{B3584C22-E456-49A4-BD81-482D85061694}"
EndProject
Project("{FAE04EC0-301F-11D3-BF4B-00C04F79EFBC}") = "ContactManager", "ContactManager\ContactManager.csproj", "{DDE3E00D-8E05-47E2-AE06-D279106417A1}"
EndProject
Project("{FAE04EC0-301F-11D3-BF4B-00C04F79EFBC}") = "DiceGame", "DiceGame\DiceGame.csproj", "{D0B422BF-0B9E-4E77-98EA-AF12B9899D39}"
EndProject
Project("{FAE04EC0-301F-11D3-BF4B-00C04F79EFBC}") = "ToDoList", "ToDoList\ToDoList.csproj", "{FF4E9819-E6AF-4DFB-8545-0BE6B15CCADE}"
EndProject
Project("{FAE04EC0-301F-11D3-BF4B-00C04F79EFBC}") = "LibraryManagement", "LibraryManagement\LibraryManagement.csproj", "{325EFD79-EFE2-47AD-A594-FE4AD05CD12E}"
EndProject
Global
	GlobalSection(SolutionConfigurationPlatforms) = preSolution
		Debug|Any CPU = Debug|Any CPU
		Release|Any CPU = Release|Any CPU
	EndGlobalSection
	GlobalSection(SolutionProperties) = preSolution
		HideSolutionNode = FALSE
	EndGlobalSection
	GlobalSection(ProjectConfigurationPlatforms) = postSolution
		{4E1AF4A8-5858-4C5E-8A07-21165F52D36A}.Debug|Any CPU.ActiveCfg = Debug|Any CPU
		{4E1AF4A8-5858-4C5E-8A07-21165F52D36A}.Debug|Any CPU.Build.0 = Debug|Any CPU
		{4E1AF4A8-5858-4C5E-8A07-21165F52D36A}.Release|Any CPU.ActiveCfg = Release|Any CPU
		{4E1AF4A8-5858-4C5E-8A07-21165F52D36A}.Release|Any CPU.Build.0 = Release|Any CPU
		{B3584C22-E456-49A4-BD81-482D85061694}.Debug|Any CPU.ActiveCfg = Debug|Any CPU
		{B3584C22-E456-49A4-BD81-482D85061694}.Debug|Any CPU.Build.0 = Debug|Any CPU
		{B3584C22-E456-49A4-BD81-482D85061694}.Release|Any CPU.ActiveCfg = Release|Any CPU
		{B3584C22-E456-49A4-BD81-482D85061694}.Release|Any CPU.Build.0 = Release|Any CPU
		{DDE3E00D-8E05-47E2-AE06-D279106417A1}.Debug|Any CPU.ActiveCfg = Debug|Any CPU
		{DDE3E00D-8E05-47E2-AE06-D279106417A1}.Debug|Any CPU.Build.0 = Debug|Any CPU
		{DDE3E00D-8E05-47E2-AE06-D279106417A1}.Release|Any CPU.ActiveCfg = Release|Any CPU
		{DDE3E00D-8E05-47E2-AE06-D279106417A1}.Release|Any CPU.Build.0 = Release|Any CPU
		{D0B422BF-0B9E-4E77-98EA-AF12B9899D39}.Debug|Any CPU.ActiveCfg = Debug|Any CPU
		{D0B422BF-0B9E-4E77-98EA-AF12B9899D39}.Debug|Any CPU.Build.0 = Debug|Any CPU
		{D0B422BF-0B9E-4E77-98EA-AF12B9899D39}.Release|Any CPU.ActiveCfg = Release|Any CPU
		{D0B422BF-0B9E-4E77-98EA-AF12B9899D39}.Release|Any CPU.Build.0 = Release|Any CPU
		{FF4E9819-E6AF-4DFB-8545-0BE6B15CCADE}.Debug|Any CPU.ActiveCfg = Debug|Any CPU
		{FF4E9819-E6AF-4DFB-8545-0BE6B15CCADE}.Debug|Any CPU.Build.0 = Debug|Any CPU
		{FF4E9819-E6AF-4DFB-8545-0BE6B15CCADE}.Release|Any CPU.ActiveCfg = Release|Any CPU
		{FF4E9819-E6AF-4DFB-8545-0BE6B15CCADE}.Release|Any CPU.Build.0 = Release|Any CPU
		{325EFD79-EFE2-47AD-A594-FE4AD05CD12E}.Debug|Any CPU.ActiveCfg = Debug|Any CPU
		{325EFD79-EFE2-47AD-A594-FE4AD05CD12E}.Debug|Any CPU.Build.0 = Debug|Any CPU
		{325EFD79-EFE2-47AD-A594-FE4AD05CD12E}.Release|Any CPU.ActiveCfg = Release|Any CPU
		{325EFD79-EFE2-47AD-A594-FE4AD05CD12E}.Release|Any CPU.Build.0 = Release|Any CPU
	EndGlobalSection
EndGlobal
